
Microsoft Visual Studio Solution File, Format Version 12.00
# Visual Studio Version 17
VisualStudioVersion = 17.4.33205.214
MinimumVisualStudioVersion = 10.0.40219.1
Project("{FAE04EC0-301F-11D3-BF4B-00C04F79EFBC}") = "TFLaC_a.mikheev", "TFLaC_a.mikheev\TFLaC_a.mikheev.csproj", "{16E95BCA-01EB-4F1E-A7A6-30D2A2A6507B}"
EndProject
Global
	GlobalSection(SolutionConfigurationPlatforms) = preSolution
		Debug|Any CPU = Debug|Any CPU
		Release|Any CPU = Release|Any CPU
	EndGlobalSection
	GlobalSection(ProjectConfigurationPlatforms) = postSolution
		{16E95BCA-01EB-4F1E-A7A6-30D2A2A6507B}.Debug|Any CPU.ActiveCfg = Debug|Any CPU
		{16E95BCA-01EB-4F1E-A7A6-30D2A2A6507B}.Debug|Any CPU.Build.0 = Debug|Any CPU
		{16E95BCA-01EB-4F1E-A7A6-30D2A2A6507B}.Release|Any CPU.ActiveCfg = Release|Any CPU
		{16E95BCA-01EB-4F1E-A7A6-30D2A2A6507B}.Release|Any CPU.Build.0 = Release|Any CPU
	EndGlobalSection
	GlobalSection(SolutionProperties) = preSolution
		HideSolutionNode = FALSE
	EndGlobalSection
	GlobalSection(ExtensibilityGlobals) = postSolution
		SolutionGuid = {A6792BCB-CF01-4D5E-B14B-ACBAD7658481}
	EndGlobalSection
EndGlobal
